
Microsoft Visual Studio Solution File, Format Version 12.00
Project("{FAE04EC0-301F-11D3-BF4B-00C04F79EFBC}") = "Ebceys.Infrastructure", "Ebceys.Infrastructure\Ebceys.Infrastructure.csproj", "{C8B5BFE3-0548-4F64-A318-11C9639A9357}"
EndProject
Project("{FAE04EC0-301F-11D3-BF4B-00C04F79EFBC}") = "Ebceys.Infrastructure.Tests", "Ebceys.Infrastructure.Tests\Ebceys.Infrastructure.Tests.csproj", "{16FB36A1-0953-4ED5-9C80-40BB1BFBAF3D}"
EndProject
Project("{FAE04EC0-301F-11D3-BF4B-00C04F79EFBC}") = "Ebceys.Infrastructure.TestApplication", "Ebceys.Infrastructure.TestApplication\Ebceys.Infrastructure.TestApplication.csproj", "{DD574417-B3C2-44D9-AB6A-ED41E5FCB3C4}"
EndProject
Project("{FAE04EC0-301F-11D3-BF4B-00C04F79EFBC}") = "Ebceys.Infrastructure.UnitTests", "Ebceys.Infrastructure.UnitTests\Ebceys.Infrastructure.UnitTests.csproj", "{F279F9A5-EF2A-4066-A766-22ABBEAE897F}"
EndProject
Project("{FAE04EC0-301F-11D3-BF4B-00C04F79EFBC}") = "Ebceys.Tests.Infrastructure", "Ebceys.Tests.Infrastructure\Ebceys.Tests.Infrastructure.csproj", "{2DAC2169-5C36-407D-8295-8BF67BD50620}"
EndProject
Project("{FAE04EC0-301F-11D3-BF4B-00C04F79EFBC}") = "Ebceys.Infrastructure.AuthorizationTestApplication", "Ebceys.Infrastructure.AuthorizationTestApplication\Ebceys.Infrastructure.AuthorizationTestApplication.csproj", "{66E4299A-60E3-463B-9306-4065191D6043}"
EndProject
Project("{2150E333-8FDC-42A3-9474-1A3956D46DE8}") = "GitData", "GitData", "{08DAC328-A027-4FB4-A853-D4298762724B}"
	ProjectSection(SolutionItems) = preProject
		README.md = README.md
		index.md = index.md
		docfx.json = docfx.json
		toc.yml = toc.yml
	EndProjectSection
EndProject
Global
	GlobalSection(SolutionConfigurationPlatforms) = preSolution
		Debug|Any CPU = Debug|Any CPU
		Release|Any CPU = Release|Any CPU
	EndGlobalSection
	GlobalSection(ProjectConfigurationPlatforms) = postSolution
		{C8B5BFE3-0548-4F64-A318-11C9639A9357}.Debug|Any CPU.ActiveCfg = Debug|Any CPU
		{C8B5BFE3-0548-4F64-A318-11C9639A9357}.Debug|Any CPU.Build.0 = Debug|Any CPU
		{C8B5BFE3-0548-4F64-A318-11C9639A9357}.Release|Any CPU.ActiveCfg = Release|Any CPU
		{C8B5BFE3-0548-4F64-A318-11C9639A9357}.Release|Any CPU.Build.0 = Release|Any CPU
		{16FB36A1-0953-4ED5-9C80-40BB1BFBAF3D}.Debug|Any CPU.ActiveCfg = Debug|Any CPU
		{16FB36A1-0953-4ED5-9C80-40BB1BFBAF3D}.Debug|Any CPU.Build.0 = Debug|Any CPU
		{16FB36A1-0953-4ED5-9C80-40BB1BFBAF3D}.Release|Any CPU.ActiveCfg = Release|Any CPU
		{16FB36A1-0953-4ED5-9C80-40BB1BFBAF3D}.Release|Any CPU.Build.0 = Release|Any CPU
		{DD574417-B3C2-44D9-AB6A-ED41E5FCB3C4}.Debug|Any CPU.ActiveCfg = Debug|Any CPU
		{DD574417-B3C2-44D9-AB6A-ED41E5FCB3C4}.Debug|Any CPU.Build.0 = Debug|Any CPU
		{DD574417-B3C2-44D9-AB6A-ED41E5FCB3C4}.Release|Any CPU.ActiveCfg = Release|Any CPU
		{DD574417-B3C2-44D9-AB6A-ED41E5FCB3C4}.Release|Any CPU.Build.0 = Release|Any CPU
		{F279F9A5-EF2A-4066-A766-22ABBEAE897F}.Debug|Any CPU.ActiveCfg = Debug|Any CPU
		{F279F9A5-EF2A-4066-A766-22ABBEAE897F}.Debug|Any CPU.Build.0 = Debug|Any CPU
		{F279F9A5-EF2A-4066-A766-22ABBEAE897F}.Release|Any CPU.ActiveCfg = Release|Any CPU
		{F279F9A5-EF2A-4066-A766-22ABBEAE897F}.Release|Any CPU.Build.0 = Release|Any CPU
		{2DAC2169-5C36-407D-8295-8BF67BD50620}.Debug|Any CPU.ActiveCfg = Debug|Any CPU
		{2DAC2169-5C36-407D-8295-8BF67BD50620}.Debug|Any CPU.Build.0 = Debug|Any CPU
		{2DAC2169-5C36-407D-8295-8BF67BD50620}.Release|Any CPU.ActiveCfg = Release|Any CPU
		{2DAC2169-5C36-407D-8295-8BF67BD50620}.Release|Any CPU.Build.0 = Release|Any CPU
		{66E4299A-60E3-463B-9306-4065191D6043}.Debug|Any CPU.ActiveCfg = Debug|Any CPU
		{66E4299A-60E3-463B-9306-4065191D6043}.Debug|Any CPU.Build.0 = Debug|Any CPU
		{66E4299A-60E3-463B-9306-4065191D6043}.Release|Any CPU.ActiveCfg = Release|Any CPU
		{66E4299A-60E3-463B-9306-4065191D6043}.Release|Any CPU.Build.0 = Release|Any CPU
	EndGlobalSection
EndGlobal
